
Microsoft Visual Studio Solution File, Format Version 12.00
# Visual Studio 15
VisualStudioVersion = 15.0.27130.2010
MinimumVisualStudioVersion = 10.0.40219.1
Project("{FAE04EC0-301F-11D3-BF4B-00C04F79EFBC}") = "GearHunter", "GearHunter\GearHunter.csproj", "{D39D242E-9BDF-4F50-86BE-7A1956D6B369}"
EndProject
Project("{FAE04EC0-301F-11D3-BF4B-00C04F79EFBC}") = "GearHunter.Tests", "GearHunter.Tests\GearHunter.Tests.csproj", "{FA709B5A-462A-4E59-ADA5-1A86B4E11F03}"
EndProject
Global
	GlobalSection(SolutionConfigurationPlatforms) = preSolution
		Debug|Any CPU = Debug|Any CPU
		Release|Any CPU = Release|Any CPU
	EndGlobalSection
	GlobalSection(ProjectConfigurationPlatforms) = postSolution
		{D39D242E-9BDF-4F50-86BE-7A1956D6B369}.Debug|Any CPU.ActiveCfg = Debug|Any CPU
		{D39D242E-9BDF-4F50-86BE-7A1956D6B369}.Debug|Any CPU.Build.0 = Debug|Any CPU
		{D39D242E-9BDF-4F50-86BE-7A1956D6B369}.Release|Any CPU.ActiveCfg = Release|Any CPU
		{D39D242E-9BDF-4F50-86BE-7A1956D6B369}.Release|Any CPU.Build.0 = Release|Any CPU
		{FA709B5A-462A-4E59-ADA5-1A86B4E11F03}.Debug|Any CPU.ActiveCfg = Debug|Any CPU
		{FA709B5A-462A-4E59-ADA5-1A86B4E11F03}.Debug|Any CPU.Build.0 = Debug|Any CPU
		{FA709B5A-462A-4E59-ADA5-1A86B4E11F03}.Release|Any CPU.ActiveCfg = Release|Any CPU
		{FA709B5A-462A-4E59-ADA5-1A86B4E11F03}.Release|Any CPU.Build.0 = Release|Any CPU
	EndGlobalSection
	GlobalSection(SolutionProperties) = preSolution
		HideSolutionNode = FALSE
	EndGlobalSection
	GlobalSection(ExtensibilityGlobals) = postSolution
		SolutionGuid = {F9AF9CA0-8D71-4B2B-B75D-F0C9328C1B55}
	EndGlobalSection
EndGlobal
